
Microsoft Visual Studio Solution File, Format Version 12.00
# Visual Studio Version 16
VisualStudioVersion = 16.0.29920.165
MinimumVisualStudioVersion = 10.0.40219.1
Project("{FAE04EC0-301F-11D3-BF4B-00C04F79EFBC}") = "2715", "2715\2715.csproj", "{BECFC8A1-C01D-4FE7-BC81-C495B7BAFDE1}"
EndProject
Global
	GlobalSection(SolutionConfigurationPlatforms) = preSolution
		Debug|Any CPU = Debug|Any CPU
		Release|Any CPU = Release|Any CPU
	EndGlobalSection
	GlobalSection(ProjectConfigurationPlatforms) = postSolution
		{BECFC8A1-C01D-4FE7-BC81-C495B7BAFDE1}.Debug|Any CPU.ActiveCfg = Debug|Any CPU
		{BECFC8A1-C01D-4FE7-BC81-C495B7BAFDE1}.Debug|Any CPU.Build.0 = Debug|Any CPU
		{BECFC8A1-C01D-4FE7-BC81-C495B7BAFDE1}.Release|Any CPU.ActiveCfg = Release|Any CPU
		{BECFC8A1-C01D-4FE7-BC81-C495B7BAFDE1}.Release|Any CPU.Build.0 = Release|Any CPU
	EndGlobalSection
	GlobalSection(SolutionProperties) = preSolution
		HideSolutionNode = FALSE
	EndGlobalSection
	GlobalSection(ExtensibilityGlobals) = postSolution
		SolutionGuid = {2D53DAC9-75DE-41F8-B61D-AABED6F1AFFE}
	EndGlobalSection
EndGlobal
